
Microsoft Visual Studio Solution File, Format Version 12.00
# Visual Studio 15
VisualStudioVersion = 15.0.28307.136
MinimumVisualStudioVersion = 10.0.40219.1
Project("{FAE04EC0-301F-11D3-BF4B-00C04F79EFBC}") = "ASP_CS-ex", "ASP_CS-ex\ASP_CS-ex.csproj", "{8C755121-FED3-4227-B179-2B82E80C24DA}"
EndProject
Global
	GlobalSection(SolutionConfigurationPlatforms) = preSolution
		Debug|Any CPU = Debug|Any CPU
		Release|Any CPU = Release|Any CPU
	EndGlobalSection
	GlobalSection(ProjectConfigurationPlatforms) = postSolution
		{8C755121-FED3-4227-B179-2B82E80C24DA}.Debug|Any CPU.ActiveCfg = Debug|Any CPU
		{8C755121-FED3-4227-B179-2B82E80C24DA}.Debug|Any CPU.Build.0 = Debug|Any CPU
		{8C755121-FED3-4227-B179-2B82E80C24DA}.Release|Any CPU.ActiveCfg = Release|Any CPU
		{8C755121-FED3-4227-B179-2B82E80C24DA}.Release|Any CPU.Build.0 = Release|Any CPU
	EndGlobalSection
	GlobalSection(SolutionProperties) = preSolution
		HideSolutionNode = FALSE
	EndGlobalSection
	GlobalSection(ExtensibilityGlobals) = postSolution
		SolutionGuid = {BC2C9931-1FA4-4B72-944D-D67B8F7EC1BD}
	EndGlobalSection
EndGlobal
